
Microsoft Visual Studio Solution File, Format Version 12.00
# Visual Studio Version 16
VisualStudioVersion = 16.0.30114.105
MinimumVisualStudioVersion = 10.0.40219.1
Project("{FAE04EC0-301F-11D3-BF4B-00C04F79EFBC}") = "SoundPlayer", "RTCV_Plugin_SoundPlayer\SoundPlayer.csproj", "{D0955901-BD58-440B-8E84-F720B42BEFAC}"
EndProject
Global
	GlobalSection(SolutionConfigurationPlatforms) = preSolution
		Debug|Any CPU = Debug|Any CPU
		Release|Any CPU = Release|Any CPU
	EndGlobalSection
	GlobalSection(ProjectConfigurationPlatforms) = postSolution
		{D0955901-BD58-440B-8E84-F720B42BEFAC}.Debug|Any CPU.ActiveCfg = Debug|Any CPU
		{D0955901-BD58-440B-8E84-F720B42BEFAC}.Debug|Any CPU.Build.0 = Debug|Any CPU
		{D0955901-BD58-440B-8E84-F720B42BEFAC}.Release|Any CPU.ActiveCfg = Release|Any CPU
		{D0955901-BD58-440B-8E84-F720B42BEFAC}.Release|Any CPU.Build.0 = Release|Any CPU
	EndGlobalSection
	GlobalSection(SolutionProperties) = preSolution
		HideSolutionNode = FALSE
	EndGlobalSection
	GlobalSection(ExtensibilityGlobals) = postSolution
		SolutionGuid = {2DC4C45C-3112-43C9-BE1A-4A5752452251}
	EndGlobalSection
EndGlobal
